
Microsoft Visual Studio Solution File, Format Version 12.00
# Visual Studio Version 17
VisualStudioVersion = 17.8.34408.163
MinimumVisualStudioVersion = 10.0.40219.1
Project("{9A19103F-16F7-4668-BE54-9A1E7A4F7556}") = "M001", "M001\M001.csproj", "{295D1CB7-2383-4D17-8CA5-C5755188AE57}"
EndProject
Project("{9A19103F-16F7-4668-BE54-9A1E7A4F7556}") = "M002", "M002\M002.csproj", "{2A193B8A-9BDC-492D-B934-50E0A40984F1}"
EndProject
Project("{9A19103F-16F7-4668-BE54-9A1E7A4F7556}") = "M003", "M003\M003.csproj", "{EB26C4F5-43D4-439E-A102-FBCAAC476DE3}"
EndProject
Project("{9A19103F-16F7-4668-BE54-9A1E7A4F7556}") = "M003_2", "M003_2\M003_2.csproj", "{9F719604-EABD-458F-9D73-BC3D8B1E6827}"
EndProject
Project("{9A19103F-16F7-4668-BE54-9A1E7A4F7556}") = "M004", "M004\M004.csproj", "{F0C34D06-31BF-42A5-AF59-86DD9A1C290B}"
EndProject
Project("{FAE04EC0-301F-11D3-BF4B-00C04F79EFBC}") = "M004_2", "M004_2\M004_2.csproj", "{24F856FE-16AA-4337-B7DB-C09950945C88}"
EndProject
Project("{FAE04EC0-301F-11D3-BF4B-00C04F79EFBC}") = "M005", "M005\M005.csproj", "{E5426BB4-9F79-4721-BB54-1AE0E5C66DF3}"
EndProject
Project("{FAE04EC0-301F-11D3-BF4B-00C04F79EFBC}") = "M006", "M006\M006.csproj", "{9A90F7FE-D417-4546-84AD-90CBF25D14B9}"
EndProject
Project("{FAE04EC0-301F-11D3-BF4B-00C04F79EFBC}") = "M006_Data", "M006_Data\M006_Data.csproj", "{80B03FE2-4C3D-4029-8E1C-BEFD4718A55D}"
EndProject
Project("{FAE04EC0-301F-11D3-BF4B-00C04F79EFBC}") = "M006_2", "M006_2\M006_2.csproj", "{73E1B922-E0AD-4CAD-9445-24DF27A2356A}"
EndProject
Project("{FAE04EC0-301F-11D3-BF4B-00C04F79EFBC}") = "M007", "M007\M007.csproj", "{F4814C95-8668-410A-B566-F84213A13D37}"
EndProject
Global
	GlobalSection(SolutionConfigurationPlatforms) = preSolution
		Debug|Any CPU = Debug|Any CPU
		Release|Any CPU = Release|Any CPU
	EndGlobalSection
	GlobalSection(ProjectConfigurationPlatforms) = postSolution
		{295D1CB7-2383-4D17-8CA5-C5755188AE57}.Debug|Any CPU.ActiveCfg = Debug|Any CPU
		{295D1CB7-2383-4D17-8CA5-C5755188AE57}.Debug|Any CPU.Build.0 = Debug|Any CPU
		{295D1CB7-2383-4D17-8CA5-C5755188AE57}.Release|Any CPU.ActiveCfg = Release|Any CPU
		{295D1CB7-2383-4D17-8CA5-C5755188AE57}.Release|Any CPU.Build.0 = Release|Any CPU
		{2A193B8A-9BDC-492D-B934-50E0A40984F1}.Debug|Any CPU.ActiveCfg = Debug|Any CPU
		{2A193B8A-9BDC-492D-B934-50E0A40984F1}.Debug|Any CPU.Build.0 = Debug|Any CPU
		{2A193B8A-9BDC-492D-B934-50E0A40984F1}.Release|Any CPU.ActiveCfg = Release|Any CPU
		{2A193B8A-9BDC-492D-B934-50E0A40984F1}.Release|Any CPU.Build.0 = Release|Any CPU
		{EB26C4F5-43D4-439E-A102-FBCAAC476DE3}.Debug|Any CPU.ActiveCfg = Debug|Any CPU
		{EB26C4F5-43D4-439E-A102-FBCAAC476DE3}.Debug|Any CPU.Build.0 = Debug|Any CPU
		{EB26C4F5-43D4-439E-A102-FBCAAC476DE3}.Release|Any CPU.ActiveCfg = Release|Any CPU
		{EB26C4F5-43D4-439E-A102-FBCAAC476DE3}.Release|Any CPU.Build.0 = Release|Any CPU
		{9F719604-EABD-458F-9D73-BC3D8B1E6827}.Debug|Any CPU.ActiveCfg = Debug|Any CPU
		{9F719604-EABD-458F-9D73-BC3D8B1E6827}.Debug|Any CPU.Build.0 = Debug|Any CPU
		{9F719604-EABD-458F-9D73-BC3D8B1E6827}.Release|Any CPU.ActiveCfg = Release|Any CPU
		{9F719604-EABD-458F-9D73-BC3D8B1E6827}.Release|Any CPU.Build.0 = Release|Any CPU
		{F0C34D06-31BF-42A5-AF59-86DD9A1C290B}.Debug|Any CPU.ActiveCfg = Debug|Any CPU
		{F0C34D06-31BF-42A5-AF59-86DD9A1C290B}.Debug|Any CPU.Build.0 = Debug|Any CPU
		{F0C34D06-31BF-42A5-AF59-86DD9A1C290B}.Release|Any CPU.ActiveCfg = Release|Any CPU
		{F0C34D06-31BF-42A5-AF59-86DD9A1C290B}.Release|Any CPU.Build.0 = Release|Any CPU
		{24F856FE-16AA-4337-B7DB-C09950945C88}.Debug|Any CPU.ActiveCfg = Debug|Any CPU
		{24F856FE-16AA-4337-B7DB-C09950945C88}.Debug|Any CPU.Build.0 = Debug|Any CPU
		{24F856FE-16AA-4337-B7DB-C09950945C88}.Release|Any CPU.ActiveCfg = Release|Any CPU
		{24F856FE-16AA-4337-B7DB-C09950945C88}.Release|Any CPU.Build.0 = Release|Any CPU
		{E5426BB4-9F79-4721-BB54-1AE0E5C66DF3}.Debug|Any CPU.ActiveCfg = Debug|Any CPU
		{E5426BB4-9F79-4721-BB54-1AE0E5C66DF3}.Debug|Any CPU.Build.0 = Debug|Any CPU
		{E5426BB4-9F79-4721-BB54-1AE0E5C66DF3}.Release|Any CPU.ActiveCfg = Release|Any CPU
		{E5426BB4-9F79-4721-BB54-1AE0E5C66DF3}.Release|Any CPU.Build.0 = Release|Any CPU
		{9A90F7FE-D417-4546-84AD-90CBF25D14B9}.Debug|Any CPU.ActiveCfg = Debug|Any CPU
		{9A90F7FE-D417-4546-84AD-90CBF25D14B9}.Debug|Any CPU.Build.0 = Debug|Any CPU
		{9A90F7FE-D417-4546-84AD-90CBF25D14B9}.Release|Any CPU.ActiveCfg = Release|Any CPU
		{9A90F7FE-D417-4546-84AD-90CBF25D14B9}.Release|Any CPU.Build.0 = Release|Any CPU
		{80B03FE2-4C3D-4029-8E1C-BEFD4718A55D}.Debug|Any CPU.ActiveCfg = Debug|Any CPU
		{80B03FE2-4C3D-4029-8E1C-BEFD4718A55D}.Debug|Any CPU.Build.0 = Debug|Any CPU
		{80B03FE2-4C3D-4029-8E1C-BEFD4718A55D}.Release|Any CPU.ActiveCfg = Release|Any CPU
		{80B03FE2-4C3D-4029-8E1C-BEFD4718A55D}.Release|Any CPU.Build.0 = Release|Any CPU
		{73E1B922-E0AD-4CAD-9445-24DF27A2356A}.Debug|Any CPU.ActiveCfg = Debug|Any CPU
		{73E1B922-E0AD-4CAD-9445-24DF27A2356A}.Debug|Any CPU.Build.0 = Debug|Any CPU
		{73E1B922-E0AD-4CAD-9445-24DF27A2356A}.Release|Any CPU.ActiveCfg = Release|Any CPU
		{73E1B922-E0AD-4CAD-9445-24DF27A2356A}.Release|Any CPU.Build.0 = Release|Any CPU
		{F4814C95-8668-410A-B566-F84213A13D37}.Debug|Any CPU.ActiveCfg = Debug|Any CPU
		{F4814C95-8668-410A-B566-F84213A13D37}.Debug|Any CPU.Build.0 = Debug|Any CPU
		{F4814C95-8668-410A-B566-F84213A13D37}.Release|Any CPU.ActiveCfg = Release|Any CPU
		{F4814C95-8668-410A-B566-F84213A13D37}.Release|Any CPU.Build.0 = Release|Any CPU
	EndGlobalSection
	GlobalSection(SolutionProperties) = preSolution
		HideSolutionNode = FALSE
	EndGlobalSection
	GlobalSection(ExtensibilityGlobals) = postSolution
		SolutionGuid = {9C30A477-CE54-4BC1-BE79-99908DDB370B}
	EndGlobalSection
EndGlobal
